
Microsoft Visual Studio Solution File, Format Version 12.00
# Visual Studio Version 17
VisualStudioVersion = 17.11.35312.102
MinimumVisualStudioVersion = 10.0.40219.1
Project("{FAE04EC0-301F-11D3-BF4B-00C04F79EFBC}") = "StudentDataEF", "StudentDataEF.csproj", "{837CABA4-87E2-43F6-B0AD-17B0E2A82487}"
EndProject
Global
	GlobalSection(SolutionConfigurationPlatforms) = preSolution
		Debug|Any CPU = Debug|Any CPU
		Release|Any CPU = Release|Any CPU
	EndGlobalSection
	GlobalSection(ProjectConfigurationPlatforms) = postSolution
		{837CABA4-87E2-43F6-B0AD-17B0E2A82487}.Debug|Any CPU.ActiveCfg = Debug|Any CPU
		{837CABA4-87E2-43F6-B0AD-17B0E2A82487}.Debug|Any CPU.Build.0 = Debug|Any CPU
		{837CABA4-87E2-43F6-B0AD-17B0E2A82487}.Release|Any CPU.ActiveCfg = Release|Any CPU
		{837CABA4-87E2-43F6-B0AD-17B0E2A82487}.Release|Any CPU.Build.0 = Release|Any CPU
	EndGlobalSection
	GlobalSection(SolutionProperties) = preSolution
		HideSolutionNode = FALSE
	EndGlobalSection
	GlobalSection(ExtensibilityGlobals) = postSolution
		SolutionGuid = {B3E2DF0C-AB28-447B-B688-201DC6A9EEC2}
	EndGlobalSection
EndGlobal
